// !$*UTF8*$!
{
	archiveVersion = 1;
	classes = {
	};
	objectVersion = 46;
	objects = {

/* Begin PBXBuildFile section */
		350142F90FD02104005D193F /* MutableString.m in Sources */ = {isa = PBXBuildFile; fileRef = 350142F80FD02104005D193F /* MutableString.m */; };
		350143000FD021DB005D193F /* ImmutableMutableString.m in Sources */ = {isa = PBXBuildFile; fileRef = 350142FF0FD021DB005D193F /* ImmutableMutableString.m */; };
		3555AEC211CCF67100C2FEBC /* SIPDelimiter.m in Sources */ = {isa = PBXBuildFile; fileRef = 3555AEC111CCF67100C2FEBC /* SIPDelimiter.m */; };
		35890E511186E717008A5BBB /* Header.m in Sources */ = {isa = PBXBuildFile; fileRef = 35890E501186E717008A5BBB /* Header.m */; };
		35890E591186E768008A5BBB /* SipParser.m in Sources */ = {isa = PBXBuildFile; fileRef = 35890E581186E768008A5BBB /* SipParser.m */; };
		35890E5C1186E775008A5BBB /* SipProvider.m in Sources */ = {isa = PBXBuildFile; fileRef = 35890E5B1186E775008A5BBB /* SipProvider.m */; };
		35890E5F1186E783008A5BBB /* SipStack.m in Sources */ = {isa = PBXBuildFile; fileRef = 35890E5E1186E783008A5BBB /* SipStack.m */; };
		35890E621186E795008A5BBB /* SipKeedAlive.m in Sources */ = {isa = PBXBuildFile; fileRef = 35890E611186E795008A5BBB /* SipKeedAlive.m */; };
		35890E651186E7A2008A5BBB /* SipProviderListener.m in Sources */ = {isa = PBXBuildFile; fileRef = 35890E641186E7A2008A5BBB /* SipProviderListener.m */; };
		35D6999A0FDE85F300B267C6 /* Parser.m in Sources */ = {isa = PBXBuildFile; fileRef = 35D699990FDE85F300B267C6 /* Parser.m */; };
		35D6999D0FDE8B9600B267C6 /* Message.m in Sources */ = {isa = PBXBuildFile; fileRef = 35D6999C0FDE8B9600B267C6 /* Message.m */; };
		35D699A50FDE8CC200B267C6 /* StatusLine.m in Sources */ = {isa = PBXBuildFile; fileRef = 35D699A40FDE8CC200B267C6 /* StatusLine.m */; };
		35D699C00FDE972500B267C6 /* RequestLine.m in Sources */ = {isa = PBXBuildFile; fileRef = 35D699BF0FDE972500B267C6 /* RequestLine.m */; };
		35D699C30FDE977300B267C6 /* NameAddress.m in Sources */ = {isa = PBXBuildFile; fileRef = 35D699C20FDE977300B267C6 /* NameAddress.m */; };
		35D699C60FDE978000B267C6 /* SipURL.m in Sources */ = {isa = PBXBuildFile; fileRef = 35D699C50FDE978000B267C6 /* SipURL.m */; };
		8DD76F9A0486AA7600D96B5E /* MOSipTest.m in Sources */ = {isa = PBXBuildFile; fileRef = 08FB7796FE84155DC02AAC07 /* MOSipTest.m */; settings = {ATTRIBUTES = (); }; };
		8DD76F9C0486AA7600D96B5E /* Foundation.framework in Frameworks */ = {isa = PBXBuildFile; fileRef = 08FB779EFE84155DC02AAC07 /* Foundation.framework */; };
		8DD76F9F0486AA7600D96B5E /* StringTest.1 in CopyFiles */ = {isa = PBXBuildFile; fileRef = C6859EA3029092ED04C91782 /* StringTest.1 */; };
/* End PBXBuildFile section */

/* Begin PBXCopyFilesBuildPhase section */
		8DD76F9E0486AA7600D96B5E /* CopyFiles */ = {
			isa = PBXCopyFilesBuildPhase;
			buildActionMask = 8;
			dstPath = /usr/share/man/man1/;
			dstSubfolderSpec = 0;
			files = (
				8DD76F9F0486AA7600D96B5E /* StringTest.1 in CopyFiles */,
			);
			runOnlyForDeploymentPostprocessing = 1;
		};
/* End PBXCopyFilesBuildPhase section */

/* Begin PBXFileReference section */
		08FB7796FE84155DC02AAC07 /* MOSipTest.m */ = {isa = PBXFileReference; fileEncoding = 4; lastKnownFileType = sourcecode.c.objc; path = MOSipTest.m; sourceTree = "<group>"; };
		08FB779EFE84155DC02AAC07 /* Foundation.framework */ = {isa = PBXFileReference; lastKnownFileType = wrapper.framework; name = Foundation.framework; path = /System/Library/Frameworks/Foundation.framework; sourceTree = "<absolute>"; };
		32A70AAB03705E1F00C91783 /* MOSip_Prefix.pch */ = {isa = PBXFileReference; fileEncoding = 4; lastKnownFileType = sourcecode.c.h; path = MOSip_Prefix.pch; sourceTree = "<group>"; };
		350142F70FD02104005D193F /* MutableString.h */ = {isa = PBXFileReference; fileEncoding = 4; lastKnownFileType = sourcecode.c.h; path = MutableString.h; sourceTree = "<group>"; };
		350142F80FD02104005D193F /* MutableString.m */ = {isa = PBXFileReference; fileEncoding = 4; lastKnownFileType = sourcecode.c.objc; path = MutableString.m; sourceTree = "<group>"; };
		350142FE0FD021DB005D193F /* ImmutableMutableString.h */ = {isa = PBXFileReference; fileEncoding = 4; lastKnownFileType = sourcecode.c.h; path = ImmutableMutableString.h; sourceTree = "<group>"; };
		350142FF0FD021DB005D193F /* ImmutableMutableString.m */ = {isa = PBXFileReference; fileEncoding = 4; lastKnownFileType = sourcecode.c.objc; path = ImmutableMutableString.m; sourceTree = "<group>"; };
		3555AEC011CCF67100C2FEBC /* SIPDelimiter.h */ = {isa = PBXFileReference; fileEncoding = 4; lastKnownFileType = sourcecode.c.h; path = SIPDelimiter.h; sourceTree = "<group>"; };
		3555AEC111CCF67100C2FEBC /* SIPDelimiter.m */ = {isa = PBXFileReference; fileEncoding = 4; lastKnownFileType = sourcecode.c.objc; path = SIPDelimiter.m; sourceTree = "<group>"; };
		35890E4F1186E717008A5BBB /* Header.h */ = {isa = PBXFileReference; fileEncoding = 4; lastKnownFileType = sourcecode.c.h; path = Header.h; sourceTree = "<group>"; };
		35890E501186E717008A5BBB /* Header.m */ = {isa = PBXFileReference; fileEncoding = 4; lastKnownFileType = sourcecode.c.objc; path = Header.m; sourceTree = "<group>"; };
		35890E571186E768008A5BBB /* SipParser.h */ = {isa = PBXFileReference; fileEncoding = 4; lastKnownFileType = sourcecode.c.h; path = SipParser.h; sourceTree = "<group>"; };
		35890E581186E768008A5BBB /* SipParser.m */ = {isa = PBXFileReference; fileEncoding = 4; lastKnownFileType = sourcecode.c.objc; path = SipParser.m; sourceTree = "<group>"; };
		35890E5A1186E775008A5BBB /* SipProvider.h */ = {isa = PBXFileReference; fileEncoding = 4; lastKnownFileType = sourcecode.c.h; path = SipProvider.h; sourceTree = "<group>"; };
		35890E5B1186E775008A5BBB /* SipProvider.m */ = {isa = PBXFileReference; fileEncoding = 4; lastKnownFileType = sourcecode.c.objc; path = SipProvider.m; sourceTree = "<group>"; };
		35890E5D1186E783008A5BBB /* SipStack.h */ = {isa = PBXFileReference; fileEncoding = 4; lastKnownFileType = sourcecode.c.h; path = SipStack.h; sourceTree = "<group>"; };
		35890E5E1186E783008A5BBB /* SipStack.m */ = {isa = PBXFileReference; fileEncoding = 4; lastKnownFileType = sourcecode.c.objc; path = SipStack.m; sourceTree = "<group>"; };
		35890E601186E795008A5BBB /* SipKeedAlive.h */ = {isa = PBXFileReference; fileEncoding = 4; lastKnownFileType = sourcecode.c.h; path = SipKeedAlive.h; sourceTree = "<group>"; };
		35890E611186E795008A5BBB /* SipKeedAlive.m */ = {isa = PBXFileReference; fileEncoding = 4; lastKnownFileType = sourcecode.c.objc; path = SipKeedAlive.m; sourceTree = "<group>"; };
		35890E631186E7A2008A5BBB /* SipProviderListener.h */ = {isa = PBXFileReference; fileEncoding = 4; lastKnownFileType = sourcecode.c.h; path = SipProviderListener.h; sourceTree = "<group>"; };
		35890E641186E7A2008A5BBB /* SipProviderListener.m */ = {isa = PBXFileReference; fileEncoding = 4; lastKnownFileType = sourcecode.c.objc; path = SipProviderListener.m; sourceTree = "<group>"; };
		35D699980FDE85F300B267C6 /* Parser.h */ = {isa = PBXFileReference; fileEncoding = 4; lastKnownFileType = sourcecode.c.h; path = Parser.h; sourceTree = "<group>"; };
		35D699990FDE85F300B267C6 /* Parser.m */ = {isa = PBXFileReference; fileEncoding = 4; lastKnownFileType = sourcecode.c.objc; path = Parser.m; sourceTree = "<group>"; };
		35D6999B0FDE8B9600B267C6 /* Message.h */ = {isa = PBXFileReference; fileEncoding = 4; lastKnownFileType = sourcecode.c.h; path = Message.h; sourceTree = "<group>"; };
		35D6999C0FDE8B9600B267C6 /* Message.m */ = {isa = PBXFileReference; fileEncoding = 4; lastKnownFileType = sourcecode.c.objc; path = Message.m; sourceTree = "<group>"; };
		35D699A30FDE8CC200B267C6 /* StatusLine.h */ = {isa = PBXFileReference; fileEncoding = 4; lastKnownFileType = sourcecode.c.h; path = StatusLine.h; sourceTree = "<group>"; };
		35D699A40FDE8CC200B267C6 /* StatusLine.m */ = {isa = PBXFileReference; fileEncoding = 4; lastKnownFileType = sourcecode.c.objc; path = StatusLine.m; sourceTree = "<group>"; };
		35D699BE0FDE972500B267C6 /* RequestLine.h */ = {isa = PBXFileReference; fileEncoding = 4; lastKnownFileType = sourcecode.c.h; path = RequestLine.h; sourceTree = "<group>"; };
		35D699BF0FDE972500B267C6 /* RequestLine.m */ = {isa = PBXFileReference; fileEncoding = 4; lastKnownFileType = sourcecode.c.objc; path = RequestLine.m; sourceTree = "<group>"; };
		35D699C10FDE977300B267C6 /* NameAddress.h */ = {isa = PBXFileReference; fileEncoding = 4; lastKnownFileType = sourcecode.c.h; path = NameAddress.h; sourceTree = "<group>"; };
		35D699C20FDE977300B267C6 /* NameAddress.m */ = {isa = PBXFileReference; fileEncoding = 4; lastKnownFileType = sourcecode.c.objc; path = NameAddress.m; sourceTree = "<group>"; };
		35D699C40FDE978000B267C6 /* SipURL.h */ = {isa = PBXFileReference; fileEncoding = 4; lastKnownFileType = sourcecode.c.h; path = SipURL.h; sourceTree = "<group>"; };
		35D699C50FDE978000B267C6 /* SipURL.m */ = {isa = PBXFileReference; fileEncoding = 4; lastKnownFileType = sourcecode.c.objc; path = SipURL.m; sourceTree = "<group>"; };
		8DD76FA10486AA7600D96B5E /* MoSip */ = {isa = PBXFileReference; explicitFileType = "compiled.mach-o.executable"; includeInIndex = 0; path = MoSip; sourceTree = BUILT_PRODUCTS_DIR; };
		C6859EA3029092ED04C91782 /* StringTest.1 */ = {isa = PBXFileReference; lastKnownFileType = text.man; path = StringTest.1; sourceTree = "<group>"; };
/* End PBXFileReference section */

/* Begin PBXFrameworksBuildPhase section */
		8DD76F9B0486AA7600D96B5E /* Frameworks */ = {
			isa = PBXFrameworksBuildPhase;
			buildActionMask = 2147483647;
			files = (
				8DD76F9C0486AA7600D96B5E /* Foundation.framework in Frameworks */,
			);
			runOnlyForDeploymentPostprocessing = 0;
		};
/* End PBXFrameworksBuildPhase section */

/* Begin PBXGroup section */
		08FB7794FE84155DC02AAC07 /* StringTest */ = {
			isa = PBXGroup;
			children = (
				08FB7795FE84155DC02AAC07 /* Source */,
				C6859EA2029092E104C91782 /* Documentation */,
				08FB779DFE84155DC02AAC07 /* External Frameworks and Libraries */,
				1AB674ADFE9D54B511CA2CBB /* Products */,
			);
			name = StringTest;
			sourceTree = "<group>";
		};
		08FB7795FE84155DC02AAC07 /* Source */ = {
			isa = PBXGroup;
			children = (
				359795840FE46B2100B376F4 /* String_Test */,
				3597957D0FE46A4700B376F4 /* sipTool */,
				35D699C70FDE978900B267C6 /* sip */,
				32A70AAB03705E1F00C91783 /* MOSip_Prefix.pch */,
				08FB7796FE84155DC02AAC07 /* MOSipTest.m */,
			);
			name = Source;
			sourceTree = "<group>";
		};
		08FB779DFE84155DC02AAC07 /* External Frameworks and Libraries */ = {
			isa = PBXGroup;
			children = (
				08FB779EFE84155DC02AAC07 /* Foundation.framework */,
			);
			name = "External Frameworks and Libraries";
			sourceTree = "<group>";
		};
		1AB674ADFE9D54B511CA2CBB /* Products */ = {
			isa = PBXGroup;
			children = (
				8DD76FA10486AA7600D96B5E /* MoSip */,
			);
			name = Products;
			sourceTree = "<group>";
		};
		35890E3D1186E671008A5BBB /* address */ = {
			isa = PBXGroup;
			children = (
				35D699C10FDE977300B267C6 /* NameAddress.h */,
				35D699C20FDE977300B267C6 /* NameAddress.m */,
				35D699C40FDE978000B267C6 /* SipURL.h */,
				35D699C50FDE978000B267C6 /* SipURL.m */,
			);
			name = address;
			sourceTree = "<group>";
		};
		35890E4D1186E6BA008A5BBB /* message */ = {
			isa = PBXGroup;
			children = (
				35D6999B0FDE8B9600B267C6 /* Message.h */,
				35D6999C0FDE8B9600B267C6 /* Message.m */,
				35D699A30FDE8CC200B267C6 /* StatusLine.h */,
				35D699A40FDE8CC200B267C6 /* StatusLine.m */,
				35D699BE0FDE972500B267C6 /* RequestLine.h */,
				35D699BF0FDE972500B267C6 /* RequestLine.m */,
				35890E4F1186E717008A5BBB /* Header.h */,
				35890E501186E717008A5BBB /* Header.m */,
			);
			name = message;
			sourceTree = "<group>";
		};
		35890E521186E754008A5BBB /* provider */ = {
			isa = PBXGroup;
			children = (
				35890E571186E768008A5BBB /* SipParser.h */,
				35890E581186E768008A5BBB /* SipParser.m */,
				35890E5A1186E775008A5BBB /* SipProvider.h */,
				35890E5B1186E775008A5BBB /* SipProvider.m */,
				35890E5D1186E783008A5BBB /* SipStack.h */,
				35890E5E1186E783008A5BBB /* SipStack.m */,
				35890E601186E795008A5BBB /* SipKeedAlive.h */,
				35890E611186E795008A5BBB /* SipKeedAlive.m */,
				35890E631186E7A2008A5BBB /* SipProviderListener.h */,
				35890E641186E7A2008A5BBB /* SipProviderListener.m */,
			);
			name = provider;
			sourceTree = "<group>";
		};
		3597957D0FE46A4700B376F4 /* sipTool */ = {
			isa = PBXGroup;
			children = (
				35D699980FDE85F300B267C6 /* Parser.h */,
				35D699990FDE85F300B267C6 /* Parser.m */,
				3555AEC011CCF67100C2FEBC /* SIPDelimiter.h */,
				3555AEC111CCF67100C2FEBC /* SIPDelimiter.m */,
			);
			name = sipTool;
			sourceTree = "<group>";
		};
		359795840FE46B2100B376F4 /* String_Test */ = {
			isa = PBXGroup;
			children = (
				350142F70FD02104005D193F /* MutableString.h */,
				350142F80FD02104005D193F /* MutableString.m */,
				350142FE0FD021DB005D193F /* ImmutableMutableString.h */,
				350142FF0FD021DB005D193F /* ImmutableMutableString.m */,
			);
			name = String_Test;
			sourceTree = "<group>";
		};
		35D699C70FDE978900B267C6 /* sip */ = {
			isa = PBXGroup;
			children = (
				35890E521186E754008A5BBB /* provider */,
				35890E4D1186E6BA008A5BBB /* message */,
				35890E3D1186E671008A5BBB /* address */,
			);
			name = sip;
			sourceTree = "<group>";
		};
		C6859EA2029092E104C91782 /* Documentation */ = {
			isa = PBXGroup;
			children = (
				C6859EA3029092ED04C91782 /* StringTest.1 */,
			);
			name = Documentation;
			sourceTree = "<group>";
		};
/* End PBXGroup section */

/* Begin PBXNativeTarget section */
		8DD76F960486AA7600D96B5E /* MoSip */ = {
			isa = PBXNativeTarget;
			buildConfigurationList = 1DEB927408733DD40010E9CD /* Build configuration list for PBXNativeTarget "MoSip" */;
			buildPhases = (
				8DD76F990486AA7600D96B5E /* Sources */,
				8DD76F9B0486AA7600D96B5E /* Frameworks */,
				8DD76F9E0486AA7600D96B5E /* CopyFiles */,
			);
			buildRules = (
			);
			dependencies = (
			);
			name = MoSip;
			productInstallPath = "$(HOME)/bin";
			productName = StringTest;
			productReference = 8DD76FA10486AA7600D96B5E /* MoSip */;
			productType = "com.apple.product-type.tool";
		};
/* End PBXNativeTarget section */

/* Begin PBXProject section */
		08FB7793FE84155DC02AAC07 /* Project object */ = {
			isa = PBXProject;
			attributes = {
				ORGANIZATIONNAME = "Marco Picone (dsg.ce.unipr.it) - University Of Parma - Italy";
			};
			buildConfigurationList = 1DEB927808733DD40010E9CD /* Build configuration list for PBXProject "MOSip" */;
			compatibilityVersion = "Xcode 3.2";
			hasScannedForEncodings = 1;
			mainGroup = 08FB7794FE84155DC02AAC07 /* StringTest */;
			projectDirPath = "";
			projectRoot = "";
			targets = (
				8DD76F960486AA7600D96B5E /* MoSip */,
			);
		};
/* End PBXProject section */

/* Begin PBXSourcesBuildPhase section */
		8DD76F990486AA7600D96B5E /* Sources */ = {
			isa = PBXSourcesBuildPhase;
			buildActionMask = 2147483647;
			files = (
				8DD76F9A0486AA7600D96B5E /* MOSipTest.m in Sources */,
				350142F90FD02104005D193F /* MutableString.m in Sources */,
				350143000FD021DB005D193F /* ImmutableMutableString.m in Sources */,
				35D6999A0FDE85F300B267C6 /* Parser.m in Sources */,
				35D6999D0FDE8B9600B267C6 /* Message.m in Sources */,
				35D699A50FDE8CC200B267C6 /* StatusLine.m in Sources */,
				35D699C00FDE972500B267C6 /* RequestLine.m in Sources */,
				35D699C30FDE977300B267C6 /* NameAddress.m in Sources */,
				35D699C60FDE978000B267C6 /* SipURL.m in Sources */,
				35890E511186E717008A5BBB /* Header.m in Sources */,
				35890E591186E768008A5BBB /* SipParser.m in Sources */,
				35890E5C1186E775008A5BBB /* SipProvider.m in Sources */,
				35890E5F1186E783008A5BBB /* SipStack.m in Sources */,
				35890E621186E795008A5BBB /* SipKeedAlive.m in Sources */,
				35890E651186E7A2008A5BBB /* SipProviderListener.m in Sources */,
				3555AEC211CCF67100C2FEBC /* SIPDelimiter.m in Sources */,
			);
			runOnlyForDeploymentPostprocessing = 0;
		};
/* End PBXSourcesBuildPhase section */

/* Begin XCBuildConfiguration section */
		1DEB927508733DD40010E9CD /* Debug */ = {
			isa = XCBuildConfiguration;
			buildSettings = {
				ALWAYS_SEARCH_USER_PATHS = NO;
				COPY_PHASE_STRIP = NO;
				GCC_DYNAMIC_NO_PIC = NO;
				GCC_ENABLE_FIX_AND_CONTINUE = YES;
				GCC_MODEL_TUNING = G5;
				GCC_OPTIMIZATION_LEVEL = 0;
				GCC_PRECOMPILE_PREFIX_HEADER = YES;
				GCC_PREFIX_HEADER = MOSip_Prefix.pch;
				INSTALL_PATH = /usr/local/bin;
				PRODUCT_NAME = MoSip;
			};
			name = Debug;
		};
		1DEB927608733DD40010E9CD /* Release */ = {
			isa = XCBuildConfiguration;
			buildSettings = {
				ALWAYS_SEARCH_USER_PATHS = NO;
				DEBUG_INFORMATION_FORMAT = "dwarf-with-dsym";
				GCC_MODEL_TUNING = G5;
				GCC_PRECOMPILE_PREFIX_HEADER = YES;
				GCC_PREFIX_HEADER = MOSip_Prefix.pch;
				INSTALL_PATH = /usr/local/bin;
				PRODUCT_NAME = MoSip;
			};
			name = Release;
		};
		1DEB927908733DD40010E9CD /* Debug */ = {
			isa = XCBuildConfiguration;
			buildSettings = {
				ARCHS = "$(ARCHS_STANDARD_32_BIT)";
				GCC_C_LANGUAGE_STANDARD = c99;
				GCC_OPTIMIZATION_LEVEL = 0;
				GCC_WARN_ABOUT_RETURN_TYPE = YES;
				GCC_WARN_UNUSED_VARIABLE = YES;
				ONLY_ACTIVE_ARCH = YES;
				PREBINDING = NO;
				SDKROOT = macosx10.5;
			};
			name = Debug;
		};
		1DEB927A08733DD40010E9CD /* Release */ = {
			isa = XCBuildConfiguration;
			buildSettings = {
				ARCHS = "$(ARCHS_STANDARD_32_BIT)";
				GCC_C_LANGUAGE_STANDARD = c99;
				GCC_WARN_ABOUT_RETURN_TYPE = YES;
				GCC_WARN_UNUSED_VARIABLE = YES;
				PREBINDING = NO;
				SDKROOT = macosx10.5;
			};
			name = Release;
		};
/* End XCBuildConfiguration section */

/* Begin XCConfigurationList section */
		1DEB927408733DD40010E9CD /* Build configuration list for PBXNativeTarget "MoSip" */ = {
			isa = XCConfigurationList;
			buildConfigurations = (
				1DEB927508733DD40010E9CD /* Debug */,
				1DEB927608733DD40010E9CD /* Release */,
			);
			defaultConfigurationIsVisible = 0;
			defaultConfigurationName = Release;
		};
		1DEB927808733DD40010E9CD /* Build configuration list for PBXProject "MOSip" */ = {
			isa = XCConfigurationList;
			buildConfigurations = (
				1DEB927908733DD40010E9CD /* Debug */,
				1DEB927A08733DD40010E9CD /* Release */,
			);
			defaultConfigurationIsVisible = 0;
			defaultConfigurationName = Release;
		};
/* End XCConfigurationList section */
	};
	rootObject = 08FB7793FE84155DC02AAC07 /* Project object */;
}
